// !$*UTF8*$!
{
	archiveVersion = 1;
	classes = {
	};
	objectVersion = 46;
	objects = {

/* Begin PBXBuildFile section */
		29C9EE1096A655802C4D4B17 /* Pods_MuttyChat.framework in Frameworks */ = {isa = PBXBuildFile; fileRef = A7578EC434E18284E564CDE9 /* Pods_MuttyChat.framework */; };
		2F2DAC7E50F50632AA30E935 /* Pods_MuttyChatTests.framework in Frameworks */ = {isa = PBXBuildFile; fileRef = 223B1D80F74B070500BD3B9A /* Pods_MuttyChatTests.framework */; };
		870F7F091D85DD2B003DCBB0 /* RoundTextField.swift in Sources */ = {isa = PBXBuildFile; fileRef = 870F7F081D85DD2B003DCBB0 /* RoundTextField.swift */; };
		870F7F0B1D85E384003DCBB0 /* RoundedButton.swift in Sources */ = {isa = PBXBuildFile; fileRef = 870F7F0A1D85E384003DCBB0 /* RoundedButton.swift */; };
		8722E33F1D879E6A007C6A9D /* DataService.swift in Sources */ = {isa = PBXBuildFile; fileRef = 8722E33E1D879E6A007C6A9D /* DataService.swift */; };
		8722E3411D8B8EF1007C6A9D /* UsersVC.swift in Sources */ = {isa = PBXBuildFile; fileRef = 8722E3401D8B8EF1007C6A9D /* UsersVC.swift */; };
		8722E3431D8B9009007C6A9D /* UserCell.swift in Sources */ = {isa = PBXBuildFile; fileRef = 8722E3421D8B9009007C6A9D /* UserCell.swift */; };
		8722E3451D8B92FE007C6A9D /* User.swift in Sources */ = {isa = PBXBuildFile; fileRef = 8722E3441D8B92FE007C6A9D /* User.swift */; };
		8764D04E1D839D1E0032A9F8 /* GoogleService-Info.plist in Resources */ = {isa = PBXBuildFile; fileRef = 8764D04D1D839D1E0032A9F8 /* GoogleService-Info.plist */; };
		8772C5361D863A0100B46D8D /* LoginVC.swift in Sources */ = {isa = PBXBuildFile; fileRef = 8772C5351D863A0100B46D8D /* LoginVC.swift */; };
		8772C5391D863CD100B46D8D /* AuthService.swift in Sources */ = {isa = PBXBuildFile; fileRef = 8772C5381D863CD100B46D8D /* AuthService.swift */; };
		8775AD591D80FD980095FD7C /* AppDelegate.swift in Sources */ = {isa = PBXBuildFile; fileRef = 8775AD581D80FD980095FD7C /* AppDelegate.swift */; };
		8775AD5B1D80FD980095FD7C /* CameraVC.swift in Sources */ = {isa = PBXBuildFile; fileRef = 8775AD5A1D80FD980095FD7C /* CameraVC.swift */; };
		8775AD5E1D80FD980095FD7C /* Main.storyboard in Resources */ = {isa = PBXBuildFile; fileRef = 8775AD5C1D80FD980095FD7C /* Main.storyboard */; };
		8775AD601D80FD980095FD7C /* Assets.xcassets in Resources */ = {isa = PBXBuildFile; fileRef = 8775AD5F1D80FD980095FD7C /* Assets.xcassets */; };
		8775AD631D80FD980095FD7C /* LaunchScreen.storyboard in Resources */ = {isa = PBXBuildFile; fileRef = 8775AD611D80FD980095FD7C /* LaunchScreen.storyboard */; };
		8775AD6E1D80FD980095FD7C /* MuttyChatTests.swift in Sources */ = {isa = PBXBuildFile; fileRef = 8775AD6D1D80FD980095FD7C /* MuttyChatTests.swift */; };
		8775AD791D80FD980095FD7C /* MuttyChatUITests.swift in Sources */ = {isa = PBXBuildFile; fileRef = 8775AD781D80FD980095FD7C /* MuttyChatUITests.swift */; };
		8775AD8E1D825A3A0095FD7C /* AAPLPreviewView.m in Sources */ = {isa = PBXBuildFile; fileRef = 8775AD8B1D825A3A0095FD7C /* AAPLPreviewView.m */; };
		8775AD8F1D825A3A0095FD7C /* AAPLCameraViewController.m in Sources */ = {isa = PBXBuildFile; fileRef = 8775AD8D1D825A3A0095FD7C /* AAPLCameraViewController.m */; };
		AA499AA7174D665FE0D9766C /* Pods_MuttyChatUITests.framework in Frameworks */ = {isa = PBXBuildFile; fileRef = 27B8079F856744A5B4DC8EDC /* Pods_MuttyChatUITests.framework */; };
/* End PBXBuildFile section */

/* Begin PBXContainerItemProxy section */
		8775AD6A1D80FD980095FD7C /* PBXContainerItemProxy */ = {
			isa = PBXContainerItemProxy;
			containerPortal = 8775AD4D1D80FD980095FD7C /* Project object */;
			proxyType = 1;
			remoteGlobalIDString = 8775AD541D80FD980095FD7C;
			remoteInfo = MuttyChat;
		};
		8775AD751D80FD980095FD7C /* PBXContainerItemProxy */ = {
			isa = PBXContainerItemProxy;
			containerPortal = 8775AD4D1D80FD980095FD7C /* Project object */;
			proxyType = 1;
			remoteGlobalIDString = 8775AD541D80FD980095FD7C;
			remoteInfo = MuttyChat;
		};
/* End PBXContainerItemProxy section */

/* Begin PBXFileReference section */
		137E7FC3F62BFBEA72CA73D2 /* Pods-MuttyChatUITests.release.xcconfig */ = {isa = PBXFileReference; includeInIndex = 1; lastKnownFileType = text.xcconfig; name = "Pods-MuttyChatUITests.release.xcconfig"; path = "Pods/Target Support Files/Pods-MuttyChatUITests/Pods-MuttyChatUITests.release.xcconfig"; sourceTree = "<group>"; };
		223B1D80F74B070500BD3B9A /* Pods_MuttyChatTests.framework */ = {isa = PBXFileReference; explicitFileType = wrapper.framework; includeInIndex = 0; path = Pods_MuttyChatTests.framework; sourceTree = BUILT_PRODUCTS_DIR; };
		27B8079F856744A5B4DC8EDC /* Pods_MuttyChatUITests.framework */ = {isa = PBXFileReference; explicitFileType = wrapper.framework; includeInIndex = 0; path = Pods_MuttyChatUITests.framework; sourceTree = BUILT_PRODUCTS_DIR; };
		36EB4083758C9159B7BFF0A5 /* Pods-MuttyChat.debug.xcconfig */ = {isa = PBXFileReference; includeInIndex = 1; lastKnownFileType = text.xcconfig; name = "Pods-MuttyChat.debug.xcconfig"; path = "Pods/Target Support Files/Pods-MuttyChat/Pods-MuttyChat.debug.xcconfig"; sourceTree = "<group>"; };
		6E941168CCCADFD71C7E57AD /* Pods-MuttyChatTests.release.xcconfig */ = {isa = PBXFileReference; includeInIndex = 1; lastKnownFileType = text.xcconfig; name = "Pods-MuttyChatTests.release.xcconfig"; path = "Pods/Target Support Files/Pods-MuttyChatTests/Pods-MuttyChatTests.release.xcconfig"; sourceTree = "<group>"; };
		731719A1EC2C66059C268AF6 /* Pods-MuttyChatUITests.debug.xcconfig */ = {isa = PBXFileReference; includeInIndex = 1; lastKnownFileType = text.xcconfig; name = "Pods-MuttyChatUITests.debug.xcconfig"; path = "Pods/Target Support Files/Pods-MuttyChatUITests/Pods-MuttyChatUITests.debug.xcconfig"; sourceTree = "<group>"; };
		870F7F081D85DD2B003DCBB0 /* RoundTextField.swift */ = {isa = PBXFileReference; fileEncoding = 4; lastKnownFileType = sourcecode.swift; path = RoundTextField.swift; sourceTree = "<group>"; };
		870F7F0A1D85E384003DCBB0 /* RoundedButton.swift */ = {isa = PBXFileReference; fileEncoding = 4; lastKnownFileType = sourcecode.swift; path = RoundedButton.swift; sourceTree = "<group>"; };
		8722E33E1D879E6A007C6A9D /* DataService.swift */ = {isa = PBXFileReference; fileEncoding = 4; lastKnownFileType = sourcecode.swift; path = DataService.swift; sourceTree = "<group>"; };
		8722E3401D8B8EF1007C6A9D /* UsersVC.swift */ = {isa = PBXFileReference; fileEncoding = 4; lastKnownFileType = sourcecode.swift; path = UsersVC.swift; sourceTree = "<group>"; };
		8722E3421D8B9009007C6A9D /* UserCell.swift */ = {isa = PBXFileReference; fileEncoding = 4; lastKnownFileType = sourcecode.swift; path = UserCell.swift; sourceTree = "<group>"; };
		8722E3441D8B92FE007C6A9D /* User.swift */ = {isa = PBXFileReference; fileEncoding = 4; lastKnownFileType = sourcecode.swift; path = User.swift; sourceTree = "<group>"; };
		8764D04C1D83939F0032A9F8 /* AAPLCameraVCDelegate.h */ = {isa = PBXFileReference; fileEncoding = 4; lastKnownFileType = sourcecode.c.h; path = AAPLCameraVCDelegate.h; sourceTree = "<group>"; };
		8764D04D1D839D1E0032A9F8 /* GoogleService-Info.plist */ = {isa = PBXFileReference; fileEncoding = 4; lastKnownFileType = text.plist.xml; path = "GoogleService-Info.plist"; sourceTree = "<group>"; };
		8772C5351D863A0100B46D8D /* LoginVC.swift */ = {isa = PBXFileReference; fileEncoding = 4; lastKnownFileType = sourcecode.swift; path = LoginVC.swift; sourceTree = "<group>"; };
		8772C5381D863CD100B46D8D /* AuthService.swift */ = {isa = PBXFileReference; fileEncoding = 4; lastKnownFileType = sourcecode.swift; path = AuthService.swift; sourceTree = "<group>"; };
		8775AD551D80FD980095FD7C /* MuttyChat.app */ = {isa = PBXFileReference; explicitFileType = wrapper.application; includeInIndex = 0; path = MuttyChat.app; sourceTree = BUILT_PRODUCTS_DIR; };
		8775AD581D80FD980095FD7C /* AppDelegate.swift */ = {isa = PBXFileReference; lastKnownFileType = sourcecode.swift; path = AppDelegate.swift; sourceTree = "<group>"; };
		8775AD5A1D80FD980095FD7C /* CameraVC.swift */ = {isa = PBXFileReference; lastKnownFileType = sourcecode.swift; path = CameraVC.swift; sourceTree = "<group>"; };
		8775AD5D1D80FD980095FD7C /* Base */ = {isa = PBXFileReference; lastKnownFileType = file.storyboard; name = Base; path = Base.lproj/Main.storyboard; sourceTree = "<group>"; };
		8775AD5F1D80FD980095FD7C /* Assets.xcassets */ = {isa = PBXFileReference; lastKnownFileType = folder.assetcatalog; path = Assets.xcassets; sourceTree = "<group>"; };
		8775AD621D80FD980095FD7C /* Base */ = {isa = PBXFileReference; lastKnownFileType = file.storyboard; name = Base; path = Base.lproj/LaunchScreen.storyboard; sourceTree = "<group>"; };
		8775AD641D80FD980095FD7C /* Info.plist */ = {isa = PBXFileReference; lastKnownFileType = text.plist.xml; path = Info.plist; sourceTree = "<group>"; };
		8775AD691D80FD980095FD7C /* MuttyChatTests.xctest */ = {isa = PBXFileReference; explicitFileType = wrapper.cfbundle; includeInIndex = 0; path = MuttyChatTests.xctest; sourceTree = BUILT_PRODUCTS_DIR; };
		8775AD6D1D80FD980095FD7C /* MuttyChatTests.swift */ = {isa = PBXFileReference; lastKnownFileType = sourcecode.swift; path = MuttyChatTests.swift; sourceTree = "<group>"; };
		8775AD6F1D80FD980095FD7C /* Info.plist */ = {isa = PBXFileReference; lastKnownFileType = text.plist.xml; path = Info.plist; sourceTree = "<group>"; };
		8775AD741D80FD980095FD7C /* MuttyChatUITests.xctest */ = {isa = PBXFileReference; explicitFileType = wrapper.cfbundle; includeInIndex = 0; path = MuttyChatUITests.xctest; sourceTree = BUILT_PRODUCTS_DIR; };
		8775AD781D80FD980095FD7C /* MuttyChatUITests.swift */ = {isa = PBXFileReference; lastKnownFileType = sourcecode.swift; path = MuttyChatUITests.swift; sourceTree = "<group>"; };
		8775AD7A1D80FD980095FD7C /* Info.plist */ = {isa = PBXFileReference; lastKnownFileType = text.plist.xml; path = Info.plist; sourceTree = "<group>"; };
		8775AD891D825A390095FD7C /* MuttyChat-Bridging-Header.h */ = {isa = PBXFileReference; lastKnownFileType = sourcecode.c.h; path = "MuttyChat-Bridging-Header.h"; sourceTree = "<group>"; };
		8775AD8A1D825A3A0095FD7C /* AAPLPreviewView.h */ = {isa = PBXFileReference; fileEncoding = 4; lastKnownFileType = sourcecode.c.h; path = AAPLPreviewView.h; sourceTree = "<group>"; };
		8775AD8B1D825A3A0095FD7C /* AAPLPreviewView.m */ = {isa = PBXFileReference; fileEncoding = 4; lastKnownFileType = sourcecode.c.objc; path = AAPLPreviewView.m; sourceTree = "<group>"; };
		8775AD8C1D825A3A0095FD7C /* AAPLCameraViewController.h */ = {isa = PBXFileReference; fileEncoding = 4; lastKnownFileType = sourcecode.c.h; path = AAPLCameraViewController.h; sourceTree = "<group>"; };
		8775AD8D1D825A3A0095FD7C /* AAPLCameraViewController.m */ = {isa = PBXFileReference; fileEncoding = 4; lastKnownFileType = sourcecode.c.objc; path = AAPLCameraViewController.m; sourceTree = "<group>"; };
		A7578EC434E18284E564CDE9 /* Pods_MuttyChat.framework */ = {isa = PBXFileReference; explicitFileType = wrapper.framework; includeInIndex = 0; path = Pods_MuttyChat.framework; sourceTree = BUILT_PRODUCTS_DIR; };
		D4EDB0223A484AC68594B496 /* Pods-MuttyChat.release.xcconfig */ = {isa = PBXFileReference; includeInIndex = 1; lastKnownFileType = text.xcconfig; name = "Pods-MuttyChat.release.xcconfig"; path = "Pods/Target Support Files/Pods-MuttyChat/Pods-MuttyChat.release.xcconfig"; sourceTree = "<group>"; };
		D6B54F91B3E93186D596EDC2 /* Pods-MuttyChatTests.debug.xcconfig */ = {isa = PBXFileReference; includeInIndex = 1; lastKnownFileType = text.xcconfig; name = "Pods-MuttyChatTests.debug.xcconfig"; path = "Pods/Target Support Files/Pods-MuttyChatTests/Pods-MuttyChatTests.debug.xcconfig"; sourceTree = "<group>"; };
/* End PBXFileReference section */

/* Begin PBXFrameworksBuildPhase section */
		8775AD521D80FD980095FD7C /* Frameworks */ = {
			isa = PBXFrameworksBuildPhase;
			buildActionMask = 2147483647;
			files = (
				29C9EE1096A655802C4D4B17 /* Pods_MuttyChat.framework in Frameworks */,
			);
			runOnlyForDeploymentPostprocessing = 0;
		};
		8775AD661D80FD980095FD7C /* Frameworks */ = {
			isa = PBXFrameworksBuildPhase;
			buildActionMask = 2147483647;
			files = (
				2F2DAC7E50F50632AA30E935 /* Pods_MuttyChatTests.framework in Frameworks */,
			);
			runOnlyForDeploymentPostprocessing = 0;
		};
		8775AD711D80FD980095FD7C /* Frameworks */ = {
			isa = PBXFrameworksBuildPhase;
			buildActionMask = 2147483647;
			files = (
				AA499AA7174D665FE0D9766C /* Pods_MuttyChatUITests.framework in Frameworks */,
			);
			runOnlyForDeploymentPostprocessing = 0;
		};
/* End PBXFrameworksBuildPhase section */

/* Begin PBXGroup section */
		12DB29B7BB5CF1553A0A47E7 /* Frameworks */ = {
			isa = PBXGroup;
			children = (
				A7578EC434E18284E564CDE9 /* Pods_MuttyChat.framework */,
				223B1D80F74B070500BD3B9A /* Pods_MuttyChatTests.framework */,
				27B8079F856744A5B4DC8EDC /* Pods_MuttyChatUITests.framework */,
			);
			name = Frameworks;
			sourceTree = "<group>";
		};
		7130DA5E9B3D81FA3CE35DD7 /* Pods */ = {
			isa = PBXGroup;
			children = (
				36EB4083758C9159B7BFF0A5 /* Pods-MuttyChat.debug.xcconfig */,
				D4EDB0223A484AC68594B496 /* Pods-MuttyChat.release.xcconfig */,
				D6B54F91B3E93186D596EDC2 /* Pods-MuttyChatTests.debug.xcconfig */,
				6E941168CCCADFD71C7E57AD /* Pods-MuttyChatTests.release.xcconfig */,
				731719A1EC2C66059C268AF6 /* Pods-MuttyChatUITests.debug.xcconfig */,
				137E7FC3F62BFBEA72CA73D2 /* Pods-MuttyChatUITests.release.xcconfig */,
			);
			name = Pods;
			sourceTree = "<group>";
		};
		8764D0491D8392770032A9F8 /* Protocols */ = {
			isa = PBXGroup;
			children = (
				8764D04C1D83939F0032A9F8 /* AAPLCameraVCDelegate.h */,
			);
			name = Protocols;
			sourceTree = "<group>";
		};
		8772C5371D863CBE00B46D8D /* Services */ = {
			isa = PBXGroup;
			children = (
				8772C5381D863CD100B46D8D /* AuthService.swift */,
				8722E33E1D879E6A007C6A9D /* DataService.swift */,
			);
			name = Services;
			sourceTree = "<group>";
		};
		8775AD4C1D80FD980095FD7C = {
			isa = PBXGroup;
			children = (
				8775AD571D80FD980095FD7C /* MuttyChat */,
				8775AD6C1D80FD980095FD7C /* MuttyChatTests */,
				8775AD771D80FD980095FD7C /* MuttyChatUITests */,
				8775AD561D80FD980095FD7C /* Products */,
				7130DA5E9B3D81FA3CE35DD7 /* Pods */,
				12DB29B7BB5CF1553A0A47E7 /* Frameworks */,
			);
			sourceTree = "<group>";
		};
		8775AD561D80FD980095FD7C /* Products */ = {
			isa = PBXGroup;
			children = (
				8775AD551D80FD980095FD7C /* MuttyChat.app */,
				8775AD691D80FD980095FD7C /* MuttyChatTests.xctest */,
				8775AD741D80FD980095FD7C /* MuttyChatUITests.xctest */,
			);
			name = Products;
			sourceTree = "<group>";
		};
		8775AD571D80FD980095FD7C /* MuttyChat */ = {
			isa = PBXGroup;
			children = (
				8772C5371D863CBE00B46D8D /* Services */,
				8775AD881D80FDCC0095FD7C /* Model */,
				8775AD871D80FDC70095FD7C /* View */,
				8775AD861D80FDBE0095FD7C /* Controller */,
				8764D0491D8392770032A9F8 /* Protocols */,
				8775AD581D80FD980095FD7C /* AppDelegate.swift */,
				8775AD5F1D80FD980095FD7C /* Assets.xcassets */,
				8775AD611D80FD980095FD7C /* LaunchScreen.storyboard */,
				8775AD641D80FD980095FD7C /* Info.plist */,
				8775AD891D825A390095FD7C /* MuttyChat-Bridging-Header.h */,
				8764D04D1D839D1E0032A9F8 /* GoogleService-Info.plist */,
			);
			path = MuttyChat;
			sourceTree = "<group>";
		};
		8775AD6C1D80FD980095FD7C /* MuttyChatTests */ = {
			isa = PBXGroup;
			children = (
				8775AD6D1D80FD980095FD7C /* MuttyChatTests.swift */,
				8775AD6F1D80FD980095FD7C /* Info.plist */,
			);
			path = MuttyChatTests;
			sourceTree = "<group>";
		};
		8775AD771D80FD980095FD7C /* MuttyChatUITests */ = {
			isa = PBXGroup;
			children = (
				8775AD781D80FD980095FD7C /* MuttyChatUITests.swift */,
				8775AD7A1D80FD980095FD7C /* Info.plist */,
			);
			path = MuttyChatUITests;
			sourceTree = "<group>";
		};
		8775AD861D80FDBE0095FD7C /* Controller */ = {
			isa = PBXGroup;
			children = (
				8775AD8C1D825A3A0095FD7C /* AAPLCameraViewController.h */,
				8775AD8D1D825A3A0095FD7C /* AAPLCameraViewController.m */,
				8775AD5A1D80FD980095FD7C /* CameraVC.swift */,
				8772C5351D863A0100B46D8D /* LoginVC.swift */,
				8722E3401D8B8EF1007C6A9D /* UsersVC.swift */,
			);
			name = Controller;
			sourceTree = "<group>";
		};
		8775AD871D80FDC70095FD7C /* View */ = {
			isa = PBXGroup;
			children = (
				8775AD5C1D80FD980095FD7C /* Main.storyboard */,
				8775AD8A1D825A3A0095FD7C /* AAPLPreviewView.h */,
				8775AD8B1D825A3A0095FD7C /* AAPLPreviewView.m */,
				870F7F081D85DD2B003DCBB0 /* RoundTextField.swift */,
				870F7F0A1D85E384003DCBB0 /* RoundedButton.swift */,
				8722E3421D8B9009007C6A9D /* UserCell.swift */,
			);
			name = View;
			sourceTree = "<group>";
		};
		8775AD881D80FDCC0095FD7C /* Model */ = {
			isa = PBXGroup;
			children = (
				8722E3441D8B92FE007C6A9D /* User.swift */,
			);
			name = Model;
			sourceTree = "<group>";
		};
/* End PBXGroup section */

/* Begin PBXNativeTarget section */
		8775AD541D80FD980095FD7C /* MuttyChat */ = {
			isa = PBXNativeTarget;
			buildConfigurationList = 8775AD7D1D80FD980095FD7C /* Build configuration list for PBXNativeTarget "MuttyChat" */;
			buildPhases = (
				8373E35E6207BC343716C80F /* [CP] Check Pods Manifest.lock */,
				8775AD511D80FD980095FD7C /* Sources */,
				8775AD521D80FD980095FD7C /* Frameworks */,
				8775AD531D80FD980095FD7C /* Resources */,
				120B760D87801FEF70B3C124 /* [CP] Embed Pods Frameworks */,
				117DAFB5C06012493A433EB4 /* [CP] Copy Pods Resources */,
			);
			buildRules = (
			);
			dependencies = (
			);
			name = MuttyChat;
			productName = MuttyChat;
			productReference = 8775AD551D80FD980095FD7C /* MuttyChat.app */;
			productType = "com.apple.product-type.application";
		};
		8775AD681D80FD980095FD7C /* MuttyChatTests */ = {
			isa = PBXNativeTarget;
			buildConfigurationList = 8775AD801D80FD980095FD7C /* Build configuration list for PBXNativeTarget "MuttyChatTests" */;
			buildPhases = (
				ED97C6C2F3F6175503A5A92D /* [CP] Check Pods Manifest.lock */,
				8775AD651D80FD980095FD7C /* Sources */,
				8775AD661D80FD980095FD7C /* Frameworks */,
				8775AD671D80FD980095FD7C /* Resources */,
				F3F64DB40329652C3E026CA1 /* [CP] Embed Pods Frameworks */,
				D14C3B1EB61FD896F8D62735 /* [CP] Copy Pods Resources */,
			);
			buildRules = (
			);
			dependencies = (
				8775AD6B1D80FD980095FD7C /* PBXTargetDependency */,
			);
			name = MuttyChatTests;
			productName = MuttyChatTests;
			productReference = 8775AD691D80FD980095FD7C /* MuttyChatTests.xctest */;
			productType = "com.apple.product-type.bundle.unit-test";
		};
		8775AD731D80FD980095FD7C /* MuttyChatUITests */ = {
			isa = PBXNativeTarget;
			buildConfigurationList = 8775AD831D80FD980095FD7C /* Build configuration list for PBXNativeTarget "MuttyChatUITests" */;
			buildPhases = (
				DE3291F129139206037318D0 /* [CP] Check Pods Manifest.lock */,
				8775AD701D80FD980095FD7C /* Sources */,
				8775AD711D80FD980095FD7C /* Frameworks */,
				8775AD721D80FD980095FD7C /* Resources */,
				E02D29CBEFC4D74A0E56D153 /* [CP] Copy Pods Resources */,
			);
			buildRules = (
			);
			dependencies = (
				8775AD761D80FD980095FD7C /* PBXTargetDependency */,
			);
			name = MuttyChatUITests;
			productName = MuttyChatUITests;
			productReference = 8775AD741D80FD980095FD7C /* MuttyChatUITests.xctest */;
			productType = "com.apple.product-type.bundle.ui-testing";
		};
/* End PBXNativeTarget section */

/* Begin PBXProject section */
		8775AD4D1D80FD980095FD7C /* Project object */ = {
			isa = PBXProject;
			attributes = {
				LastSwiftUpdateCheck = 0800;
				LastUpgradeCheck = 0800;
				ORGANIZATIONNAME = "Dominik Sadowski";
				TargetAttributes = {
					8775AD541D80FD980095FD7C = {
						CreatedOnToolsVersion = 8.0;
						DevelopmentTeam = S2TC7J64A5;
						LastSwiftMigration = 0800;
						ProvisioningStyle = Automatic;
					};
					8775AD681D80FD980095FD7C = {
						CreatedOnToolsVersion = 8.0;
						DevelopmentTeam = S2TC7J64A5;
						ProvisioningStyle = Automatic;
						TestTargetID = 8775AD541D80FD980095FD7C;
					};
					8775AD731D80FD980095FD7C = {
						CreatedOnToolsVersion = 8.0;
						DevelopmentTeam = S2TC7J64A5;
						ProvisioningStyle = Automatic;
						TestTargetID = 8775AD541D80FD980095FD7C;
					};
				};
			};
			buildConfigurationList = 8775AD501D80FD980095FD7C /* Build configuration list for PBXProject "MuttyChat" */;
			compatibilityVersion = "Xcode 3.2";
			developmentRegion = English;
			hasScannedForEncodings = 0;
			knownRegions = (
				en,
				Base,
			);
			mainGroup = 8775AD4C1D80FD980095FD7C;
			productRefGroup = 8775AD561D80FD980095FD7C /* Products */;
			projectDirPath = "";
			projectRoot = "";
			targets = (
				8775AD541D80FD980095FD7C /* MuttyChat */,
				8775AD681D80FD980095FD7C /* MuttyChatTests */,
				8775AD731D80FD980095FD7C /* MuttyChatUITests */,
			);
		};
/* End PBXProject section */

/* Begin PBXResourcesBuildPhase section */
		8775AD531D80FD980095FD7C /* Resources */ = {
			isa = PBXResourcesBuildPhase;
			buildActionMask = 2147483647;
			files = (
				8775AD631D80FD980095FD7C /* LaunchScreen.storyboard in Resources */,
				8764D04E1D839D1E0032A9F8 /* GoogleService-Info.plist in Resources */,
				8775AD601D80FD980095FD7C /* Assets.xcassets in Resources */,
				8775AD5E1D80FD980095FD7C /* Main.storyboard in Resources */,
			);
			runOnlyForDeploymentPostprocessing = 0;
		};
		8775AD671D80FD980095FD7C /* Resources */ = {
			isa = PBXResourcesBuildPhase;
			buildActionMask = 2147483647;
			files = (
			);
			runOnlyForDeploymentPostprocessing = 0;
		};
		8775AD721D80FD980095FD7C /* Resources */ = {
			isa = PBXResourcesBuildPhase;
			buildActionMask = 2147483647;
			files = (
			);
			runOnlyForDeploymentPostprocessing = 0;
		};
/* End PBXResourcesBuildPhase section */

/* Begin PBXShellScriptBuildPhase section */
		117DAFB5C06012493A433EB4 /* [CP] Copy Pods Resources */ = {
			isa = PBXShellScriptBuildPhase;
			buildActionMask = 2147483647;
			files = (
			);
			inputPaths = (
			);
			name = "[CP] Copy Pods Resources";
			outputPaths = (
			);
			runOnlyForDeploymentPostprocessing = 0;
			shellPath = /bin/sh;
			shellScript = "\"${SRCROOT}/Pods/Target Support Files/Pods-MuttyChat/Pods-MuttyChat-resources.sh\"\n";
			showEnvVarsInLog = 0;
		};
		120B760D87801FEF70B3C124 /* [CP] Embed Pods Frameworks */ = {
			isa = PBXShellScriptBuildPhase;
			buildActionMask = 2147483647;
			files = (
			);
			inputPaths = (
			);
			name = "[CP] Embed Pods Frameworks";
			outputPaths = (
			);
			runOnlyForDeploymentPostprocessing = 0;
			shellPath = /bin/sh;
			shellScript = "\"${SRCROOT}/Pods/Target Support Files/Pods-MuttyChat/Pods-MuttyChat-frameworks.sh\"\n";
			showEnvVarsInLog = 0;
		};
		8373E35E6207BC343716C80F /* [CP] Check Pods Manifest.lock */ = {
			isa = PBXShellScriptBuildPhase;
			buildActionMask = 2147483647;
			files = (
			);
			inputPaths = (
			);
			name = "[CP] Check Pods Manifest.lock";
			outputPaths = (
			);
			runOnlyForDeploymentPostprocessing = 0;
			shellPath = /bin/sh;
			shellScript = "diff \"${PODS_ROOT}/../Podfile.lock\" \"${PODS_ROOT}/Manifest.lock\" > /dev/null\nif [[ $? != 0 ]] ; then\n    cat << EOM\nerror: The sandbox is not in sync with the Podfile.lock. Run 'pod install' or update your CocoaPods installation.\nEOM\n    exit 1\nfi\n";
			showEnvVarsInLog = 0;
		};
		D14C3B1EB61FD896F8D62735 /* [CP] Copy Pods Resources */ = {
			isa = PBXShellScriptBuildPhase;
			buildActionMask = 2147483647;
			files = (
			);
			inputPaths = (
			);
			name = "[CP] Copy Pods Resources";
			outputPaths = (
			);
			runOnlyForDeploymentPostprocessing = 0;
			shellPath = /bin/sh;
			shellScript = "\"${SRCROOT}/Pods/Target Support Files/Pods-MuttyChatTests/Pods-MuttyChatTests-resources.sh\"\n";
			showEnvVarsInLog = 0;
		};
		DE3291F129139206037318D0 /* [CP] Check Pods Manifest.lock */ = {
			isa = PBXShellScriptBuildPhase;
			buildActionMask = 2147483647;
			files = (
			);
			inputPaths = (
			);
			name = "[CP] Check Pods Manifest.lock";
			outputPaths = (
			);
			runOnlyForDeploymentPostprocessing = 0;
			shellPath = /bin/sh;
			shellScript = "diff \"${PODS_ROOT}/../Podfile.lock\" \"${PODS_ROOT}/Manifest.lock\" > /dev/null\nif [[ $? != 0 ]] ; then\n    cat << EOM\nerror: The sandbox is not in sync with the Podfile.lock. Run 'pod install' or update your CocoaPods installation.\nEOM\n    exit 1\nfi\n";
			showEnvVarsInLog = 0;
		};
		E02D29CBEFC4D74A0E56D153 /* [CP] Copy Pods Resources */ = {
			isa = PBXShellScriptBuildPhase;
			buildActionMask = 2147483647;
			files = (
			);
			inputPaths = (
			);
			name = "[CP] Copy Pods Resources";
			outputPaths = (
			);
			runOnlyForDeploymentPostprocessing = 0;
			shellPath = /bin/sh;
			shellScript = "\"${SRCROOT}/Pods/Target Support Files/Pods-MuttyChatUITests/Pods-MuttyChatUITests-resources.sh\"\n";
			showEnvVarsInLog = 0;
		};
		ED97C6C2F3F6175503A5A92D /* [CP] Check Pods Manifest.lock */ = {
			isa = PBXShellScriptBuildPhase;
			buildActionMask = 2147483647;
			files = (
			);
			inputPaths = (
			);
			name = "[CP] Check Pods Manifest.lock";
			outputPaths = (
			);
			runOnlyForDeploymentPostprocessing = 0;
			shellPath = /bin/sh;
			shellScript = "diff \"${PODS_ROOT}/../Podfile.lock\" \"${PODS_ROOT}/Manifest.lock\" > /dev/null\nif [[ $? != 0 ]] ; then\n    cat << EOM\nerror: The sandbox is not in sync with the Podfile.lock. Run 'pod install' or update your CocoaPods installation.\nEOM\n    exit 1\nfi\n";
			showEnvVarsInLog = 0;
		};
		F3F64DB40329652C3E026CA1 /* [CP] Embed Pods Frameworks */ = {
			isa = PBXShellScriptBuildPhase;
			buildActionMask = 2147483647;
			files = (
			);
			inputPaths = (
			);
			name = "[CP] Embed Pods Frameworks";
			outputPaths = (
			);
			runOnlyForDeploymentPostprocessing = 0;
			shellPath = /bin/sh;
			shellScript = "\"${SRCROOT}/Pods/Target Support Files/Pods-MuttyChatTests/Pods-MuttyChatTests-frameworks.sh\"\n";
			showEnvVarsInLog = 0;
		};
/* End PBXShellScriptBuildPhase section */

/* Begin PBXSourcesBuildPhase section */
		8775AD511D80FD980095FD7C /* Sources */ = {
			isa = PBXSourcesBuildPhase;
			buildActionMask = 2147483647;
			files = (
				8722E33F1D879E6A007C6A9D /* DataService.swift in Sources */,
				8775AD5B1D80FD980095FD7C /* CameraVC.swift in Sources */,
				870F7F0B1D85E384003DCBB0 /* RoundedButton.swift in Sources */,
				8772C5361D863A0100B46D8D /* LoginVC.swift in Sources */,
				8775AD591D80FD980095FD7C /* AppDelegate.swift in Sources */,
				8722E3411D8B8EF1007C6A9D /* UsersVC.swift in Sources */,
				870F7F091D85DD2B003DCBB0 /* RoundTextField.swift in Sources */,
				8775AD8E1D825A3A0095FD7C /* AAPLPreviewView.m in Sources */,
				8722E3451D8B92FE007C6A9D /* User.swift in Sources */,
				8775AD8F1D825A3A0095FD7C /* AAPLCameraViewController.m in Sources */,
				8722E3431D8B9009007C6A9D /* UserCell.swift in Sources */,
				8772C5391D863CD100B46D8D /* AuthService.swift in Sources */,
			);
			runOnlyForDeploymentPostprocessing = 0;
		};
		8775AD651D80FD980095FD7C /* Sources */ = {
			isa = PBXSourcesBuildPhase;
			buildActionMask = 2147483647;
			files = (
				8775AD6E1D80FD980095FD7C /* MuttyChatTests.swift in Sources */,
			);
			runOnlyForDeploymentPostprocessing = 0;
		};
		8775AD701D80FD980095FD7C /* Sources */ = {
			isa = PBXSourcesBuildPhase;
			buildActionMask = 2147483647;
			files = (
				8775AD791D80FD980095FD7C /* MuttyChatUITests.swift in Sources */,
			);
			runOnlyForDeploymentPostprocessing = 0;
		};
/* End PBXSourcesBuildPhase section */

/* Begin PBXTargetDependency section */
		8775AD6B1D80FD980095FD7C /* PBXTargetDependency */ = {
			isa = PBXTargetDependency;
			target = 8775AD541D80FD980095FD7C /* MuttyChat */;
			targetProxy = 8775AD6A1D80FD980095FD7C /* PBXContainerItemProxy */;
		};
		8775AD761D80FD980095FD7C /* PBXTargetDependency */ = {
			isa = PBXTargetDependency;
			target = 8775AD541D80FD980095FD7C /* MuttyChat */;
			targetProxy = 8775AD751D80FD980095FD7C /* PBXContainerItemProxy */;
		};
/* End PBXTargetDependency section */

/* Begin PBXVariantGroup section */
		8775AD5C1D80FD980095FD7C /* Main.storyboard */ = {
			isa = PBXVariantGroup;
			children = (
				8775AD5D1D80FD980095FD7C /* Base */,
			);
			name = Main.storyboard;
			sourceTree = "<group>";
		};
		8775AD611D80FD980095FD7C /* LaunchScreen.storyboard */ = {
			isa = PBXVariantGroup;
			children = (
				8775AD621D80FD980095FD7C /* Base */,
			);
			name = LaunchScreen.storyboard;
			sourceTree = "<group>";
		};
/* End PBXVariantGroup section */

/* Begin XCBuildConfiguration section */
		8775AD7B1D80FD980095FD7C /* Debug */ = {
			isa = XCBuildConfiguration;
			buildSettings = {
				ALWAYS_SEARCH_USER_PATHS = NO;
				CLANG_ANALYZER_NONNULL = YES;
				CLANG_CXX_LANGUAGE_STANDARD = "gnu++0x";
				CLANG_CXX_LIBRARY = "libc++";
				CLANG_ENABLE_MODULES = YES;
				CLANG_ENABLE_OBJC_ARC = YES;
				CLANG_WARN_BOOL_CONVERSION = YES;
				CLANG_WARN_CONSTANT_CONVERSION = YES;
				CLANG_WARN_DIRECT_OBJC_ISA_USAGE = YES_ERROR;
				CLANG_WARN_DOCUMENTATION_COMMENTS = YES;
				CLANG_WARN_EMPTY_BODY = YES;
				CLANG_WARN_ENUM_CONVERSION = YES;
				CLANG_WARN_INFINITE_RECURSION = YES;
				CLANG_WARN_INT_CONVERSION = YES;
				CLANG_WARN_OBJC_ROOT_CLASS = YES_ERROR;
				CLANG_WARN_SUSPICIOUS_MOVES = YES;
				CLANG_WARN_UNREACHABLE_CODE = YES;
				CLANG_WARN__DUPLICATE_METHOD_MATCH = YES;
				"CODE_SIGN_IDENTITY[sdk=iphoneos*]" = "iPhone Developer";
				COPY_PHASE_STRIP = NO;
				DEBUG_INFORMATION_FORMAT = dwarf;
				ENABLE_STRICT_OBJC_MSGSEND = YES;
				ENABLE_TESTABILITY = YES;
				GCC_C_LANGUAGE_STANDARD = gnu99;
				GCC_DYNAMIC_NO_PIC = NO;
				GCC_NO_COMMON_BLOCKS = YES;
				GCC_OPTIMIZATION_LEVEL = 0;
				GCC_PREPROCESSOR_DEFINITIONS = (
					"DEBUG=1",
					"$(inherited)",
				);
				GCC_WARN_64_TO_32_BIT_CONVERSION = YES;
				GCC_WARN_ABOUT_RETURN_TYPE = YES_ERROR;
				GCC_WARN_UNDECLARED_SELECTOR = YES;
				GCC_WARN_UNINITIALIZED_AUTOS = YES_AGGRESSIVE;
				GCC_WARN_UNUSED_FUNCTION = YES;
				GCC_WARN_UNUSED_VARIABLE = YES;
				IPHONEOS_DEPLOYMENT_TARGET = 10.0;
				MTL_ENABLE_DEBUG_INFO = YES;
				ONLY_ACTIVE_ARCH = YES;
				SDKROOT = iphoneos;
				SWIFT_ACTIVE_COMPILATION_CONDITIONS = DEBUG;
				SWIFT_OPTIMIZATION_LEVEL = "-Onone";
				TARGETED_DEVICE_FAMILY = "1,2";
			};
			name = Debug;
		};
		8775AD7C1D80FD980095FD7C /* Release */ = {
			isa = XCBuildConfiguration;
			buildSettings = {
				ALWAYS_SEARCH_USER_PATHS = NO;
				CLANG_ANALYZER_NONNULL = YES;
				CLANG_CXX_LANGUAGE_STANDARD = "gnu++0x";
				CLANG_CXX_LIBRARY = "libc++";
				CLANG_ENABLE_MODULES = YES;
				CLANG_ENABLE_OBJC_ARC = YES;
				CLANG_WARN_BOOL_CONVERSION = YES;
				CLANG_WARN_CONSTANT_CONVERSION = YES;
				CLANG_WARN_DIRECT_OBJC_ISA_USAGE = YES_ERROR;
				CLANG_WARN_DOCUMENTATION_COMMENTS = YES;
				CLANG_WARN_EMPTY_BODY = YES;
				CLANG_WARN_ENUM_CONVERSION = YES;
				CLANG_WARN_INFINITE_RECURSION = YES;
				CLANG_WARN_INT_CONVERSION = YES;
				CLANG_WARN_OBJC_ROOT_CLASS = YES_ERROR;
				CLANG_WARN_SUSPICIOUS_MOVES = YES;
				CLANG_WARN_UNREACHABLE_CODE = YES;
				CLANG_WARN__DUPLICATE_METHOD_MATCH = YES;
				"CODE_SIGN_IDENTITY[sdk=iphoneos*]" = "iPhone Developer";
				COPY_PHASE_STRIP = NO;
				DEBUG_INFORMATION_FORMAT = "dwarf-with-dsym";
				ENABLE_NS_ASSERTIONS = NO;
				ENABLE_STRICT_OBJC_MSGSEND = YES;
				GCC_C_LANGUAGE_STANDARD = gnu99;
				GCC_NO_COMMON_BLOCKS = YES;
				GCC_WARN_64_TO_32_BIT_CONVERSION = YES;
				GCC_WARN_ABOUT_RETURN_TYPE = YES_ERROR;
				GCC_WARN_UNDECLARED_SELECTOR = YES;
				GCC_WARN_UNINITIALIZED_AUTOS = YES_AGGRESSIVE;
				GCC_WARN_UNUSED_FUNCTION = YES;
				GCC_WARN_UNUSED_VARIABLE = YES;
				IPHONEOS_DEPLOYMENT_TARGET = 10.0;
				MTL_ENABLE_DEBUG_INFO = NO;
				SDKROOT = iphoneos;
				SWIFT_OPTIMIZATION_LEVEL = "-Owholemodule";
				TARGETED_DEVICE_FAMILY = "1,2";
				VALIDATE_PRODUCT = YES;
			};
			name = Release;
		};
		8775AD7E1D80FD980095FD7C /* Debug */ = {
			isa = XCBuildConfiguration;
			baseConfigurationReference = 36EB4083758C9159B7BFF0A5 /* Pods-MuttyChat.debug.xcconfig */;
			buildSettings = {
				ASSETCATALOG_COMPILER_APPICON_NAME = AppIcon;
				CLANG_ENABLE_MODULES = YES;
				DEVELOPMENT_TEAM = S2TC7J64A5;
				INFOPLIST_FILE = MuttyChat/Info.plist;
				LD_RUNPATH_SEARCH_PATHS = "$(inherited) @executable_path/Frameworks";
				PRODUCT_BUNDLE_IDENTIFIER = com.AOJI.MuttyChat;
				PRODUCT_NAME = "$(TARGET_NAME)";
				SWIFT_OBJC_BRIDGING_HEADER = "MuttyChat/MuttyChat-Bridging-Header.h";
				SWIFT_OPTIMIZATION_LEVEL = "-Onone";
				SWIFT_VERSION = 3.0;
			};
			name = Debug;
		};
		8775AD7F1D80FD980095FD7C /* Release */ = {
			isa = XCBuildConfiguration;
			baseConfigurationReference = D4EDB0223A484AC68594B496 /* Pods-MuttyChat.release.xcconfig */;
			buildSettings = {
				ASSETCATALOG_COMPILER_APPICON_NAME = AppIcon;
				CLANG_ENABLE_MODULES = YES;
				DEVELOPMENT_TEAM = S2TC7J64A5;
				INFOPLIST_FILE = MuttyChat/Info.plist;
				LD_RUNPATH_SEARCH_PATHS = "$(inherited) @executable_path/Frameworks";
				PRODUCT_BUNDLE_IDENTIFIER = com.AOJI.MuttyChat;
				PRODUCT_NAME = "$(TARGET_NAME)";
				SWIFT_OBJC_BRIDGING_HEADER = "MuttyChat/MuttyChat-Bridging-Header.h";
				SWIFT_VERSION = 3.0;
			};
			name = Release;
		};
		8775AD811D80FD980095FD7C /* Debug */ = {
			isa = XCBuildConfiguration;
			baseConfigurationReference = D6B54F91B3E93186D596EDC2 /* Pods-MuttyChatTests.debug.xcconfig */;
			buildSettings = {
				ALWAYS_EMBED_SWIFT_STANDARD_LIBRARIES = YES;
				BUNDLE_LOADER = "$(TEST_HOST)";
				DEVELOPMENT_TEAM = S2TC7J64A5;
				INFOPLIST_FILE = MuttyChatTests/Info.plist;
				LD_RUNPATH_SEARCH_PATHS = "$(inherited) @executable_path/Frameworks @loader_path/Frameworks";
				PRODUCT_BUNDLE_IDENTIFIER = com.AOJI.MuttyChatTests;
				PRODUCT_NAME = "$(TARGET_NAME)";
				SWIFT_VERSION = 3.0;
				TEST_HOST = "$(BUILT_PRODUCTS_DIR)/MuttyChat.app/MuttyChat";
			};
			name = Debug;
		};
		8775AD821D80FD980095FD7C /* Release */ = {
			isa = XCBuildConfiguration;
			baseConfigurationReference = 6E941168CCCADFD71C7E57AD /* Pods-MuttyChatTests.release.xcconfig */;
			buildSettings = {
				ALWAYS_EMBED_SWIFT_STANDARD_LIBRARIES = YES;
				BUNDLE_LOADER = "$(TEST_HOST)";
				DEVELOPMENT_TEAM = S2TC7J64A5;
				INFOPLIST_FILE = MuttyChatTests/Info.plist;
				LD_RUNPATH_SEARCH_PATHS = "$(inherited) @executable_path/Frameworks @loader_path/Frameworks";
				PRODUCT_BUNDLE_IDENTIFIER = com.AOJI.MuttyChatTests;
				PRODUCT_NAME = "$(TARGET_NAME)";
				SWIFT_VERSION = 3.0;
				TEST_HOST = "$(BUILT_PRODUCTS_DIR)/MuttyChat.app/MuttyChat";
			};
			name = Release;
		};
		8775AD841D80FD980095FD7C /* Debug */ = {
			isa = XCBuildConfiguration;
			baseConfigurationReference = 731719A1EC2C66059C268AF6 /* Pods-MuttyChatUITests.debug.xcconfig */;
			buildSettings = {
				ALWAYS_EMBED_SWIFT_STANDARD_LIBRARIES = YES;
				DEVELOPMENT_TEAM = S2TC7J64A5;
				INFOPLIST_FILE = MuttyChatUITests/Info.plist;
				LD_RUNPATH_SEARCH_PATHS = "$(inherited) @executable_path/Frameworks @loader_path/Frameworks";
				PRODUCT_BUNDLE_IDENTIFIER = com.AOJI.MuttyChatUITests;
				PRODUCT_NAME = "$(TARGET_NAME)";
				SWIFT_VERSION = 3.0;
				TEST_TARGET_NAME = MuttyChat;
			};
			name = Debug;
		};
		8775AD851D80FD980095FD7C /* Release */ = {
			isa = XCBuildConfiguration;
			baseConfigurationReference = 137E7FC3F62BFBEA72CA73D2 /* Pods-MuttyChatUITests.release.xcconfig */;
			buildSettings = {
				ALWAYS_EMBED_SWIFT_STANDARD_LIBRARIES = YES;
				DEVELOPMENT_TEAM = S2TC7J64A5;
				INFOPLIST_FILE = MuttyChatUITests/Info.plist;
				LD_RUNPATH_SEARCH_PATHS = "$(inherited) @executable_path/Frameworks @loader_path/Frameworks";
				PRODUCT_BUNDLE_IDENTIFIER = com.AOJI.MuttyChatUITests;
				PRODUCT_NAME = "$(TARGET_NAME)";
				SWIFT_VERSION = 3.0;
				TEST_TARGET_NAME = MuttyChat;
			};
			name = Release;
		};
/* End XCBuildConfiguration section */

/* Begin XCConfigurationList section */
		8775AD501D80FD980095FD7C /* Build configuration list for PBXProject "MuttyChat" */ = {
			isa = XCConfigurationList;
			buildConfigurations = (
				8775AD7B1D80FD980095FD7C /* Debug */,
				8775AD7C1D80FD980095FD7C /* Release */,
			);
			defaultConfigurationIsVisible = 0;
			defaultConfigurationName = Release;
		};
		8775AD7D1D80FD980095FD7C /* Build configuration list for PBXNativeTarget "MuttyChat" */ = {
			isa = XCConfigurationList;
			buildConfigurations = (
				8775AD7E1D80FD980095FD7C /* Debug */,
				8775AD7F1D80FD980095FD7C /* Release */,
			);
			defaultConfigurationIsVisible = 0;
			defaultConfigurationName = Release;
		};
		8775AD801D80FD980095FD7C /* Build configuration list for PBXNativeTarget "MuttyChatTests" */ = {
			isa = XCConfigurationList;
			buildConfigurations = (
				8775AD811D80FD980095FD7C /* Debug */,
				8775AD821D80FD980095FD7C /* Release */,
			);
			defaultConfigurationIsVisible = 0;
			defaultConfigurationName = Release;
		};
		8775AD831D80FD980095FD7C /* Build configuration list for PBXNativeTarget "MuttyChatUITests" */ = {
			isa = XCConfigurationList;
			buildConfigurations = (
				8775AD841D80FD980095FD7C /* Debug */,
				8775AD851D80FD980095FD7C /* Release */,
			);
			defaultConfigurationIsVisible = 0;
			defaultConfigurationName = Release;
		};
/* End XCConfigurationList section */
	};
	rootObject = 8775AD4D1D80FD980095FD7C /* Project object */;
}
